
Microsoft Visual Studio Solution File, Format Version 12.00
# Visual Studio Version 17
VisualStudioVersion = 17.0.31903.59
MinimumVisualStudioVersion = 10.0.40219.1
Project("{2150E333-8FDC-42A3-9474-1A3956D46DE8}") = "3", "3", "{B4CBCB3E-3740-49A8-8B49-72204A5DF81B}"
EndProject
Project("{FAE04EC0-301F-11D3-BF4B-00C04F79EFBC}") = "day3_part2", "day3_part2\day3_part2.csproj", "{010B6BE7-5740-4D31-9E85-DE212440608E}"
EndProject
Global
	GlobalSection(SolutionConfigurationPlatforms) = preSolution
		Debug|Any CPU = Debug|Any CPU
		Release|Any CPU = Release|Any CPU
	EndGlobalSection
	GlobalSection(SolutionProperties) = preSolution
		HideSolutionNode = FALSE
	EndGlobalSection
	GlobalSection(ProjectConfigurationPlatforms) = postSolution
		{010B6BE7-5740-4D31-9E85-DE212440608E}.Debug|Any CPU.ActiveCfg = Debug|Any CPU
		{010B6BE7-5740-4D31-9E85-DE212440608E}.Debug|Any CPU.Build.0 = Debug|Any CPU
		{010B6BE7-5740-4D31-9E85-DE212440608E}.Release|Any CPU.ActiveCfg = Release|Any CPU
		{010B6BE7-5740-4D31-9E85-DE212440608E}.Release|Any CPU.Build.0 = Release|Any CPU
	EndGlobalSection
	GlobalSection(NestedProjects) = preSolution
		{010B6BE7-5740-4D31-9E85-DE212440608E} = {B4CBCB3E-3740-49A8-8B49-72204A5DF81B}
	EndGlobalSection
EndGlobal
